
Microsoft Visual Studio Solution File, Format Version 12.00
# Visual Studio Version 16
VisualStudioVersion = 16.0.31515.178
MinimumVisualStudioVersion = 10.0.40219.1
Project("{FAE04EC0-301F-11D3-BF4B-00C04F79EFBC}") = "IjuniorTask1", "IjuniorTask1\IjuniorTask1.csproj", "{3EBB7F1F-3FC2-4B26-B133-618AAA2E8B2C}"
EndProject
Project("{FAE04EC0-301F-11D3-BF4B-00C04F79EFBC}") = "IjuniorTask2", "IjuniorTask2\IjuniorTask2.csproj", "{9B7C2467-4A0E-4D4C-AA24-69A29F97EA7E}"
EndProject
Project("{FAE04EC0-301F-11D3-BF4B-00C04F79EFBC}") = "IjuniorTask3", "IjuniorTask3\IjuniorTask3.csproj", "{71869D86-7519-4561-B39E-C90F88C96C0E}"
EndProject
Project("{FAE04EC0-301F-11D3-BF4B-00C04F79EFBC}") = "IjuniorTask4", "IjuniorTask4\IjuniorTask4.csproj", "{E7586F46-DCF3-4037-99FA-FD03E882DFA6}"
EndProject
Project("{FAE04EC0-301F-11D3-BF4B-00C04F79EFBC}") = "IjuniorTask5", "IjuniorTask5\IjuniorTask5.csproj", "{18F5095D-A0D9-4551-9BAD-FD0E38AD2353}"
EndProject
Project("{FAE04EC0-301F-11D3-BF4B-00C04F79EFBC}") = "IjuniorTask6", "IjuniorTask6\IjuniorTask6.csproj", "{99E6BEA0-18C1-4C56-8944-DE6376C1AC2C}"
EndProject
Project("{FAE04EC0-301F-11D3-BF4B-00C04F79EFBC}") = "IjuniorTask7", "IjuniorTask7\IjuniorTask7.csproj", "{E74F3BB9-085F-42BC-98AC-C7F1643E65D9}"
EndProject
Project("{FAE04EC0-301F-11D3-BF4B-00C04F79EFBC}") = "IjuniorTask8", "IjuniorTask8\IjuniorTask8.csproj", "{A1492DD0-2FE0-4CB4-8889-62F72BB47FB3}"
EndProject
Global
	GlobalSection(SolutionConfigurationPlatforms) = preSolution
		Debug|Any CPU = Debug|Any CPU
		Release|Any CPU = Release|Any CPU
	EndGlobalSection
	GlobalSection(ProjectConfigurationPlatforms) = postSolution
		{3EBB7F1F-3FC2-4B26-B133-618AAA2E8B2C}.Debug|Any CPU.ActiveCfg = Debug|Any CPU
		{3EBB7F1F-3FC2-4B26-B133-618AAA2E8B2C}.Debug|Any CPU.Build.0 = Debug|Any CPU
		{3EBB7F1F-3FC2-4B26-B133-618AAA2E8B2C}.Release|Any CPU.ActiveCfg = Release|Any CPU
		{3EBB7F1F-3FC2-4B26-B133-618AAA2E8B2C}.Release|Any CPU.Build.0 = Release|Any CPU
		{9B7C2467-4A0E-4D4C-AA24-69A29F97EA7E}.Debug|Any CPU.ActiveCfg = Debug|Any CPU
		{9B7C2467-4A0E-4D4C-AA24-69A29F97EA7E}.Debug|Any CPU.Build.0 = Debug|Any CPU
		{9B7C2467-4A0E-4D4C-AA24-69A29F97EA7E}.Release|Any CPU.ActiveCfg = Release|Any CPU
		{9B7C2467-4A0E-4D4C-AA24-69A29F97EA7E}.Release|Any CPU.Build.0 = Release|Any CPU
		{71869D86-7519-4561-B39E-C90F88C96C0E}.Debug|Any CPU.ActiveCfg = Debug|Any CPU
		{71869D86-7519-4561-B39E-C90F88C96C0E}.Debug|Any CPU.Build.0 = Debug|Any CPU
		{71869D86-7519-4561-B39E-C90F88C96C0E}.Release|Any CPU.ActiveCfg = Release|Any CPU
		{71869D86-7519-4561-B39E-C90F88C96C0E}.Release|Any CPU.Build.0 = Release|Any CPU
		{E7586F46-DCF3-4037-99FA-FD03E882DFA6}.Debug|Any CPU.ActiveCfg = Debug|Any CPU
		{E7586F46-DCF3-4037-99FA-FD03E882DFA6}.Debug|Any CPU.Build.0 = Debug|Any CPU
		{E7586F46-DCF3-4037-99FA-FD03E882DFA6}.Release|Any CPU.ActiveCfg = Release|Any CPU
		{E7586F46-DCF3-4037-99FA-FD03E882DFA6}.Release|Any CPU.Build.0 = Release|Any CPU
		{18F5095D-A0D9-4551-9BAD-FD0E38AD2353}.Debug|Any CPU.ActiveCfg = Debug|Any CPU
		{18F5095D-A0D9-4551-9BAD-FD0E38AD2353}.Debug|Any CPU.Build.0 = Debug|Any CPU
		{18F5095D-A0D9-4551-9BAD-FD0E38AD2353}.Release|Any CPU.ActiveCfg = Release|Any CPU
		{18F5095D-A0D9-4551-9BAD-FD0E38AD2353}.Release|Any CPU.Build.0 = Release|Any CPU
		{99E6BEA0-18C1-4C56-8944-DE6376C1AC2C}.Debug|Any CPU.ActiveCfg = Debug|Any CPU
		{99E6BEA0-18C1-4C56-8944-DE6376C1AC2C}.Debug|Any CPU.Build.0 = Debug|Any CPU
		{99E6BEA0-18C1-4C56-8944-DE6376C1AC2C}.Release|Any CPU.ActiveCfg = Release|Any CPU
		{99E6BEA0-18C1-4C56-8944-DE6376C1AC2C}.Release|Any CPU.Build.0 = Release|Any CPU
		{E74F3BB9-085F-42BC-98AC-C7F1643E65D9}.Debug|Any CPU.ActiveCfg = Debug|Any CPU
		{E74F3BB9-085F-42BC-98AC-C7F1643E65D9}.Debug|Any CPU.Build.0 = Debug|Any CPU
		{E74F3BB9-085F-42BC-98AC-C7F1643E65D9}.Release|Any CPU.ActiveCfg = Release|Any CPU
		{E74F3BB9-085F-42BC-98AC-C7F1643E65D9}.Release|Any CPU.Build.0 = Release|Any CPU
		{A1492DD0-2FE0-4CB4-8889-62F72BB47FB3}.Debug|Any CPU.ActiveCfg = Debug|Any CPU
		{A1492DD0-2FE0-4CB4-8889-62F72BB47FB3}.Debug|Any CPU.Build.0 = Debug|Any CPU
		{A1492DD0-2FE0-4CB4-8889-62F72BB47FB3}.Release|Any CPU.ActiveCfg = Release|Any CPU
		{A1492DD0-2FE0-4CB4-8889-62F72BB47FB3}.Release|Any CPU.Build.0 = Release|Any CPU
	EndGlobalSection
	GlobalSection(SolutionProperties) = preSolution
		HideSolutionNode = FALSE
	EndGlobalSection
	GlobalSection(ExtensibilityGlobals) = postSolution
		SolutionGuid = {F1D1F030-9135-4FD4-A232-67E623B954A0}
	EndGlobalSection
EndGlobal
